
Microsoft Visual Studio Solution File, Format Version 12.00
# Visual Studio Version 17
VisualStudioVersion = 17.11.35327.3
MinimumVisualStudioVersion = 10.0.40219.1
Project("{FAE04EC0-301F-11D3-BF4B-00C04F79EFBC}") = "FunctionApp1", "FunctionApp1.csproj", "{90A6265B-74CF-42E2-B583-87F00234766F}"
EndProject
Project("{FAE04EC0-301F-11D3-BF4B-00C04F79EFBC}") = "FunctionApp2", "..\FunctionApp2\FunctionApp2.csproj", "{9DCF6849-63AC-4363-ADA0-DCB5F872AC3B}"
EndProject
Global
	GlobalSection(SolutionConfigurationPlatforms) = preSolution
		Debug|Any CPU = Debug|Any CPU
		Release|Any CPU = Release|Any CPU
	EndGlobalSection
	GlobalSection(ProjectConfigurationPlatforms) = postSolution
		{90A6265B-74CF-42E2-B583-87F00234766F}.Debug|Any CPU.ActiveCfg = Debug|Any CPU
		{90A6265B-74CF-42E2-B583-87F00234766F}.Debug|Any CPU.Build.0 = Debug|Any CPU
		{90A6265B-74CF-42E2-B583-87F00234766F}.Release|Any CPU.ActiveCfg = Release|Any CPU
		{90A6265B-74CF-42E2-B583-87F00234766F}.Release|Any CPU.Build.0 = Release|Any CPU
		{9DCF6849-63AC-4363-ADA0-DCB5F872AC3B}.Debug|Any CPU.ActiveCfg = Debug|Any CPU
		{9DCF6849-63AC-4363-ADA0-DCB5F872AC3B}.Debug|Any CPU.Build.0 = Debug|Any CPU
		{9DCF6849-63AC-4363-ADA0-DCB5F872AC3B}.Release|Any CPU.ActiveCfg = Release|Any CPU
		{9DCF6849-63AC-4363-ADA0-DCB5F872AC3B}.Release|Any CPU.Build.0 = Release|Any CPU
	EndGlobalSection
	GlobalSection(SolutionProperties) = preSolution
		HideSolutionNode = FALSE
	EndGlobalSection
	GlobalSection(ExtensibilityGlobals) = postSolution
		SolutionGuid = {A2B406F9-C727-4D68-804A-6AA74879DC7B}
	EndGlobalSection
EndGlobal
